
Microsoft Visual Studio Solution File, Format Version 12.00
# Visual Studio Version 17
VisualStudioVersion = 17.11.35303.130
MinimumVisualStudioVersion = 10.0.40219.1
Project("{FAE04EC0-301F-11D3-BF4B-00C04F79EFBC}") = "RedisCacheAPI", "RedisCacheAPI\RedisCacheAPI.csproj", "{C383BCAA-0F65-4C77-B425-CB7A591BC9CB}"
EndProject
Global
	GlobalSection(SolutionConfigurationPlatforms) = preSolution
		Debug|Any CPU = Debug|Any CPU
		Release|Any CPU = Release|Any CPU
	EndGlobalSection
	GlobalSection(ProjectConfigurationPlatforms) = postSolution
		{C383BCAA-0F65-4C77-B425-CB7A591BC9CB}.Debug|Any CPU.ActiveCfg = Debug|Any CPU
		{C383BCAA-0F65-4C77-B425-CB7A591BC9CB}.Debug|Any CPU.Build.0 = Debug|Any CPU
		{C383BCAA-0F65-4C77-B425-CB7A591BC9CB}.Release|Any CPU.ActiveCfg = Release|Any CPU
		{C383BCAA-0F65-4C77-B425-CB7A591BC9CB}.Release|Any CPU.Build.0 = Release|Any CPU
	EndGlobalSection
	GlobalSection(SolutionProperties) = preSolution
		HideSolutionNode = FALSE
	EndGlobalSection
	GlobalSection(ExtensibilityGlobals) = postSolution
		SolutionGuid = {2B795293-9E05-4A56-B320-DA8EEEFC273E}
	EndGlobalSection
EndGlobal
